// !$*UTF8*$!
{
	archiveVersion = 1;
	classes = {
	};
	objectVersion = 51;
	objects = {

/* Begin PBXBuildFile section */
		A0908C0523150DE800E92B54 /* AppDelegate.swift in Sources */ = {isa = PBXBuildFile; fileRef = A0908C0423150DE800E92B54 /* AppDelegate.swift */; };
		A0908C0723150DE800E92B54 /* ViewController.swift in Sources */ = {isa = PBXBuildFile; fileRef = A0908C0623150DE800E92B54 /* ViewController.swift */; };
		A0908C0A23150DE800E92B54 /* Main.storyboard in Resources */ = {isa = PBXBuildFile; fileRef = A0908C0823150DE800E92B54 /* Main.storyboard */; };
		A0908C0C23150DE900E92B54 /* Assets.xcassets in Resources */ = {isa = PBXBuildFile; fileRef = A0908C0B23150DE900E92B54 /* Assets.xcassets */; };
		A0908C0F23150DE900E92B54 /* LaunchScreen.storyboard in Resources */ = {isa = PBXBuildFile; fileRef = A0908C0D23150DE900E92B54 /* LaunchScreen.storyboard */; };
		A0908C1723150E4300E92B54 /* Podfile in Resources */ = {isa = PBXBuildFile; fileRef = A0908C1623150E4300E92B54 /* Podfile */; };
		A90B79F848F4A2855ACCEC0B /* Pods_Mobile_Phone_Buyer_Guide.framework in Frameworks */ = {isa = PBXBuildFile; fileRef = 192488E5DE7D9A912B44111F /* Pods_Mobile_Phone_Buyer_Guide.framework */; };
/* End PBXBuildFile section */

/* Begin PBXFileReference section */
		192488E5DE7D9A912B44111F /* Pods_Mobile_Phone_Buyer_Guide.framework */ = {isa = PBXFileReference; explicitFileType = wrapper.framework; includeInIndex = 0; path = Pods_Mobile_Phone_Buyer_Guide.framework; sourceTree = BUILT_PRODUCTS_DIR; };
		A0908C0123150DE800E92B54 /* Mobile Phone Buyer Guide.app */ = {isa = PBXFileReference; explicitFileType = wrapper.application; includeInIndex = 0; path = "Mobile Phone Buyer Guide.app"; sourceTree = BUILT_PRODUCTS_DIR; };
		A0908C0423150DE800E92B54 /* AppDelegate.swift */ = {isa = PBXFileReference; lastKnownFileType = sourcecode.swift; path = AppDelegate.swift; sourceTree = "<group>"; };
		A0908C0623150DE800E92B54 /* ViewController.swift */ = {isa = PBXFileReference; lastKnownFileType = sourcecode.swift; path = ViewController.swift; sourceTree = "<group>"; };
		A0908C0923150DE800E92B54 /* Base */ = {isa = PBXFileReference; lastKnownFileType = file.storyboard; name = Base; path = Base.lproj/Main.storyboard; sourceTree = "<group>"; };
		A0908C0B23150DE900E92B54 /* Assets.xcassets */ = {isa = PBXFileReference; lastKnownFileType = folder.assetcatalog; path = Assets.xcassets; sourceTree = "<group>"; };
		A0908C0E23150DE900E92B54 /* Base */ = {isa = PBXFileReference; lastKnownFileType = file.storyboard; name = Base; path = Base.lproj/LaunchScreen.storyboard; sourceTree = "<group>"; };
		A0908C1023150DE900E92B54 /* Info.plist */ = {isa = PBXFileReference; lastKnownFileType = text.plist.xml; path = Info.plist; sourceTree = "<group>"; };
		A0908C1623150E4300E92B54 /* Podfile */ = {isa = PBXFileReference; lastKnownFileType = text; path = Podfile; sourceTree = "<group>"; xcLanguageSpecificationIdentifier = xcode.lang.ruby; };
		C97615BB16DB87584AF866DA /* Pods-Mobile Phone Buyer Guide.release.xcconfig */ = {isa = PBXFileReference; includeInIndex = 1; lastKnownFileType = text.xcconfig; name = "Pods-Mobile Phone Buyer Guide.release.xcconfig"; path = "Target Support Files/Pods-Mobile Phone Buyer Guide/Pods-Mobile Phone Buyer Guide.release.xcconfig"; sourceTree = "<group>"; };
		EE1330795299B3BE3CF3F744 /* Pods-Mobile Phone Buyer Guide.debug.xcconfig */ = {isa = PBXFileReference; includeInIndex = 1; lastKnownFileType = text.xcconfig; name = "Pods-Mobile Phone Buyer Guide.debug.xcconfig"; path = "Target Support Files/Pods-Mobile Phone Buyer Guide/Pods-Mobile Phone Buyer Guide.debug.xcconfig"; sourceTree = "<group>"; };
/* End PBXFileReference section */

/* Begin PBXFrameworksBuildPhase section */
		A0908BFE23150DE800E92B54 /* Frameworks */ = {
			isa = PBXFrameworksBuildPhase;
			buildActionMask = 2147483647;
			files = (
				A90B79F848F4A2855ACCEC0B /* Pods_Mobile_Phone_Buyer_Guide.framework in Frameworks */,
			);
			runOnlyForDeploymentPostprocessing = 0;
		};
/* End PBXFrameworksBuildPhase section */

/* Begin PBXGroup section */
		31812F47822B532E54AFF414 /* Frameworks */ = {
			isa = PBXGroup;
			children = (
				192488E5DE7D9A912B44111F /* Pods_Mobile_Phone_Buyer_Guide.framework */,
			);
			name = Frameworks;
			sourceTree = "<group>";
		};
		A0908BF823150DE800E92B54 = {
			isa = PBXGroup;
			children = (
				A0908C1623150E4300E92B54 /* Podfile */,
				A0908C0323150DE800E92B54 /* Mobile Phone Buyer Guide */,
				A0908C0223150DE800E92B54 /* Products */,
				BD0AB860FF4313138004C47D /* Pods */,
				31812F47822B532E54AFF414 /* Frameworks */,
			);
			sourceTree = "<group>";
		};
		A0908C0223150DE800E92B54 /* Products */ = {
			isa = PBXGroup;
			children = (
				A0908C0123150DE800E92B54 /* Mobile Phone Buyer Guide.app */,
			);
			name = Products;
			sourceTree = "<group>";
		};
		A0908C0323150DE800E92B54 /* Mobile Phone Buyer Guide */ = {
			isa = PBXGroup;
			children = (
				A0908C0423150DE800E92B54 /* AppDelegate.swift */,
				A0908C0623150DE800E92B54 /* ViewController.swift */,
				A0908C0823150DE800E92B54 /* Main.storyboard */,
				A0908C0B23150DE900E92B54 /* Assets.xcassets */,
				A0908C0D23150DE900E92B54 /* LaunchScreen.storyboard */,
				A0908C1023150DE900E92B54 /* Info.plist */,
			);
			path = "Mobile Phone Buyer Guide";
			sourceTree = "<group>";
		};
		BD0AB860FF4313138004C47D /* Pods */ = {
			isa = PBXGroup;
			children = (
				EE1330795299B3BE3CF3F744 /* Pods-Mobile Phone Buyer Guide.debug.xcconfig */,
				C97615BB16DB87584AF866DA /* Pods-Mobile Phone Buyer Guide.release.xcconfig */,
			);
			path = Pods;
			sourceTree = "<group>";
		};
/* End PBXGroup section */

/* Begin PBXNativeTarget section */
		A0908C0023150DE800E92B54 /* Mobile Phone Buyer Guide */ = {
			isa = PBXNativeTarget;
			buildConfigurationList = A0908C1323150DE900E92B54 /* Build configuration list for PBXNativeTarget "Mobile Phone Buyer Guide" */;
			buildPhases = (
				B1CD8AF6EBBBA75E0EB4A145 /* [CP] Check Pods Manifest.lock */,
				A0908BFD23150DE800E92B54 /* Sources */,
				A0908BFE23150DE800E92B54 /* Frameworks */,
				A0908BFF23150DE800E92B54 /* Resources */,
				F4E18B898522FEF76D1163F0 /* [CP] Embed Pods Frameworks */,
			);
			buildRules = (
			);
			dependencies = (
			);
			name = "Mobile Phone Buyer Guide";
			productName = "Mobile Phone Buyer Guide";
			productReference = A0908C0123150DE800E92B54 /* Mobile Phone Buyer Guide.app */;
			productType = "com.apple.product-type.application";
		};
/* End PBXNativeTarget section */

/* Begin PBXProject section */
		A0908BF923150DE800E92B54 /* Project object */ = {
			isa = PBXProject;
			attributes = {
				LastSwiftUpdateCheck = 1030;
				LastUpgradeCheck = 1030;
				ORGANIZATIONNAME = SCB;
				TargetAttributes = {
					A0908C0023150DE800E92B54 = {
						CreatedOnToolsVersion = 10.3;
					};
				};
			};
			buildConfigurationList = A0908BFC23150DE800E92B54 /* Build configuration list for PBXProject "Mobile Phone Buyer Guide" */;
			compatibilityVersion = "Xcode 9.3";
			developmentRegion = en;
			hasScannedForEncodings = 0;
			knownRegions = (
				en,
				Base,
			);
			mainGroup = A0908BF823150DE800E92B54;
			productRefGroup = A0908C0223150DE800E92B54 /* Products */;
			projectDirPath = "";
			projectRoot = "";
			targets = (
				A0908C0023150DE800E92B54 /* Mobile Phone Buyer Guide */,
			);
		};
/* End PBXProject section */

/* Begin PBXResourcesBuildPhase section */
		A0908BFF23150DE800E92B54 /* Resources */ = {
			isa = PBXResourcesBuildPhase;
			buildActionMask = 2147483647;
			files = (
				A0908C0F23150DE900E92B54 /* LaunchScreen.storyboard in Resources */,
				A0908C0C23150DE900E92B54 /* Assets.xcassets in Resources */,
				A0908C1723150E4300E92B54 /* Podfile in Resources */,
				A0908C0A23150DE800E92B54 /* Main.storyboard in Resources */,
			);
			runOnlyForDeploymentPostprocessing = 0;
		};
/* End PBXResourcesBuildPhase section */

/* Begin PBXShellScriptBuildPhase section */
		B1CD8AF6EBBBA75E0EB4A145 /* [CP] Check Pods Manifest.lock */ = {
			isa = PBXShellScriptBuildPhase;
			buildActionMask = 2147483647;
			files = (
			);
			inputFileListPaths = (
			);
			inputPaths = (
				"${PODS_PODFILE_DIR_PATH}/Podfile.lock",
				"${PODS_ROOT}/Manifest.lock",
			);
			name = "[CP] Check Pods Manifest.lock";
			outputFileListPaths = (
			);
			outputPaths = (
				"$(DERIVED_FILE_DIR)/Pods-Mobile Phone Buyer Guide-checkManifestLockResult.txt",
			);
			runOnlyForDeploymentPostprocessing = 0;
			shellPath = /bin/sh;
			shellScript = "diff \"${PODS_PODFILE_DIR_PATH}/Podfile.lock\" \"${PODS_ROOT}/Manifest.lock\" > /dev/null\nif [ $? != 0 ] ; then\n    # print error to STDERR\n    echo \"error: The sandbox is not in sync with the Podfile.lock. Run 'pod install' or update your CocoaPods installation.\" >&2\n    exit 1\nfi\n# This output is used by Xcode 'outputs' to avoid re-running this script phase.\necho \"SUCCESS\" > \"${SCRIPT_OUTPUT_FILE_0}\"\n";
			showEnvVarsInLog = 0;
		};
		F4E18B898522FEF76D1163F0 /* [CP] Embed Pods Frameworks */ = {
			isa = PBXShellScriptBuildPhase;
			buildActionMask = 2147483647;
			files = (
			);
			inputFileListPaths = (
				"${PODS_ROOT}/Target Support Files/Pods-Mobile Phone Buyer Guide/Pods-Mobile Phone Buyer Guide-frameworks-${CONFIGURATION}-input-files.xcfilelist",
			);
			name = "[CP] Embed Pods Frameworks";
			outputFileListPaths = (
				"${PODS_ROOT}/Target Support Files/Pods-Mobile Phone Buyer Guide/Pods-Mobile Phone Buyer Guide-frameworks-${CONFIGURATION}-output-files.xcfilelist",
			);
			runOnlyForDeploymentPostprocessing = 0;
			shellPath = /bin/sh;
			shellScript = "\"${PODS_ROOT}/Target Support Files/Pods-Mobile Phone Buyer Guide/Pods-Mobile Phone Buyer Guide-frameworks.sh\"\n";
			showEnvVarsInLog = 0;
		};
/* End PBXShellScriptBuildPhase section */

/* Begin PBXSourcesBuildPhase section */
		A0908BFD23150DE800E92B54 /* Sources */ = {
			isa = PBXSourcesBuildPhase;
			buildActionMask = 2147483647;
			files = (
				A0908C0723150DE800E92B54 /* ViewController.swift in Sources */,
				A0908C0523150DE800E92B54 /* AppDelegate.swift in Sources */,
			);
			runOnlyForDeploymentPostprocessing = 0;
		};
/* End PBXSourcesBuildPhase section */

/* Begin PBXVariantGroup section */
		A0908C0823150DE800E92B54 /* Main.storyboard */ = {
			isa = PBXVariantGroup;
			children = (
				A0908C0923150DE800E92B54 /* Base */,
			);
			name = Main.storyboard;
			sourceTree = "<group>";
		};
		A0908C0D23150DE900E92B54 /* LaunchScreen.storyboard */ = {
			isa = PBXVariantGroup;
			children = (
				A0908C0E23150DE900E92B54 /* Base */,
			);
			name = LaunchScreen.storyboard;
			sourceTree = "<group>";
		};
/* End PBXVariantGroup section */

/* Begin XCBuildConfiguration section */
		A0908C1123150DE900E92B54 /* Debug */ = {
			isa = XCBuildConfiguration;
			buildSettings = {
				ALWAYS_SEARCH_USER_PATHS = NO;
				CLANG_ANALYZER_NONNULL = YES;
				CLANG_ANALYZER_NUMBER_OBJECT_CONVERSION = YES_AGGRESSIVE;
				CLANG_CXX_LANGUAGE_STANDARD = "gnu++14";
				CLANG_CXX_LIBRARY = "libc++";
				CLANG_ENABLE_MODULES = YES;
				CLANG_ENABLE_OBJC_ARC = YES;
				CLANG_ENABLE_OBJC_WEAK = YES;
				CLANG_WARN_BLOCK_CAPTURE_AUTORELEASING = YES;
				CLANG_WARN_BOOL_CONVERSION = YES;
				CLANG_WARN_COMMA = YES;
				CLANG_WARN_CONSTANT_CONVERSION = YES;
				CLANG_WARN_DEPRECATED_OBJC_IMPLEMENTATIONS = YES;
				CLANG_WARN_DIRECT_OBJC_ISA_USAGE = YES_ERROR;
				CLANG_WARN_DOCUMENTATION_COMMENTS = YES;
				CLANG_WARN_EMPTY_BODY = YES;
				CLANG_WARN_ENUM_CONVERSION = YES;
				CLANG_WARN_INFINITE_RECURSION = YES;
				CLANG_WARN_INT_CONVERSION = YES;
				CLANG_WARN_NON_LITERAL_NULL_CONVERSION = YES;
				CLANG_WARN_OBJC_IMPLICIT_RETAIN_SELF = YES;
				CLANG_WARN_OBJC_LITERAL_CONVERSION = YES;
				CLANG_WARN_OBJC_ROOT_CLASS = YES_ERROR;
				CLANG_WARN_RANGE_LOOP_ANALYSIS = YES;
				CLANG_WARN_STRICT_PROTOTYPES = YES;
				CLANG_WARN_SUSPICIOUS_MOVE = YES;
				CLANG_WARN_UNGUARDED_AVAILABILITY = YES_AGGRESSIVE;
				CLANG_WARN_UNREACHABLE_CODE = YES;
				CLANG_WARN__DUPLICATE_METHOD_MATCH = YES;
				CODE_SIGN_IDENTITY = "iPhone Developer";
				COPY_PHASE_STRIP = NO;
				DEBUG_INFORMATION_FORMAT = dwarf;
				ENABLE_STRICT_OBJC_MSGSEND = YES;
				ENABLE_TESTABILITY = YES;
				GCC_C_LANGUAGE_STANDARD = gnu11;
				GCC_DYNAMIC_NO_PIC = NO;
				GCC_NO_COMMON_BLOCKS = YES;
				GCC_OPTIMIZATION_LEVEL = 0;
				GCC_PREPROCESSOR_DEFINITIONS = (
					"DEBUG=1",
					"$(inherited)",
				);
				GCC_WARN_64_TO_32_BIT_CONVERSION = YES;
				GCC_WARN_ABOUT_RETURN_TYPE = YES_ERROR;
				GCC_WARN_UNDECLARED_SELECTOR = YES;
				GCC_WARN_UNINITIALIZED_AUTOS = YES_AGGRESSIVE;
				GCC_WARN_UNUSED_FUNCTION = YES;
				GCC_WARN_UNUSED_VARIABLE = YES;
				IPHONEOS_DEPLOYMENT_TARGET = 12.4;
				MTL_ENABLE_DEBUG_INFO = INCLUDE_SOURCE;
				MTL_FAST_MATH = YES;
				ONLY_ACTIVE_ARCH = YES;
				SDKROOT = iphoneos;
				SWIFT_ACTIVE_COMPILATION_CONDITIONS = DEBUG;
				SWIFT_OPTIMIZATION_LEVEL = "-Onone";
			};
			name = Debug;
		};
		A0908C1223150DE900E92B54 /* Release */ = {
			isa = XCBuildConfiguration;
			buildSettings = {
				ALWAYS_SEARCH_USER_PATHS = NO;
				CLANG_ANALYZER_NONNULL = YES;
				CLANG_ANALYZER_NUMBER_OBJECT_CONVERSION = YES_AGGRESSIVE;
				CLANG_CXX_LANGUAGE_STANDARD = "gnu++14";
				CLANG_CXX_LIBRARY = "libc++";
				CLANG_ENABLE_MODULES = YES;
				CLANG_ENABLE_OBJC_ARC = YES;
				CLANG_ENABLE_OBJC_WEAK = YES;
				CLANG_WARN_BLOCK_CAPTURE_AUTORELEASING = YES;
				CLANG_WARN_BOOL_CONVERSION = YES;
				CLANG_WARN_COMMA = YES;
				CLANG_WARN_CONSTANT_CONVERSION = YES;
				CLANG_WARN_DEPRECATED_OBJC_IMPLEMENTATIONS = YES;
				CLANG_WARN_DIRECT_OBJC_ISA_USAGE = YES_ERROR;
				CLANG_WARN_DOCUMENTATION_COMMENTS = YES;
				CLANG_WARN_EMPTY_BODY = YES;
				CLANG_WARN_ENUM_CONVERSION = YES;
				CLANG_WARN_INFINITE_RECURSION = YES;
				CLANG_WARN_INT_CONVERSION = YES;
				CLANG_WARN_NON_LITERAL_NULL_CONVERSION = YES;
				CLANG_WARN_OBJC_IMPLICIT_RETAIN_SELF = YES;
				CLANG_WARN_OBJC_LITERAL_CONVERSION = YES;
				CLANG_WARN_OBJC_ROOT_CLASS = YES_ERROR;
				CLANG_WARN_RANGE_LOOP_ANALYSIS = YES;
				CLANG_WARN_STRICT_PROTOTYPES = YES;
				CLANG_WARN_SUSPICIOUS_MOVE = YES;
				CLANG_WARN_UNGUARDED_AVAILABILITY = YES_AGGRESSIVE;
				CLANG_WARN_UNREACHABLE_CODE = YES;
				CLANG_WARN__DUPLICATE_METHOD_MATCH = YES;
				CODE_SIGN_IDENTITY = "iPhone Developer";
				COPY_PHASE_STRIP = NO;
				DEBUG_INFORMATION_FORMAT = "dwarf-with-dsym";
				ENABLE_NS_ASSERTIONS = NO;
				ENABLE_STRICT_OBJC_MSGSEND = YES;
				GCC_C_LANGUAGE_STANDARD = gnu11;
				GCC_NO_COMMON_BLOCKS = YES;
				GCC_WARN_64_TO_32_BIT_CONVERSION = YES;
				GCC_WARN_ABOUT_RETURN_TYPE = YES_ERROR;
				GCC_WARN_UNDECLARED_SELECTOR = YES;
				GCC_WARN_UNINITIALIZED_AUTOS = YES_AGGRESSIVE;
				GCC_WARN_UNUSED_FUNCTION = YES;
				GCC_WARN_UNUSED_VARIABLE = YES;
				IPHONEOS_DEPLOYMENT_TARGET = 12.4;
				MTL_ENABLE_DEBUG_INFO = NO;
				MTL_FAST_MATH = YES;
				SDKROOT = iphoneos;
				SWIFT_COMPILATION_MODE = wholemodule;
				SWIFT_OPTIMIZATION_LEVEL = "-O";
				VALIDATE_PRODUCT = YES;
			};
			name = Release;
		};
		A0908C1423150DE900E92B54 /* Debug */ = {
			isa = XCBuildConfiguration;
			baseConfigurationReference = EE1330795299B3BE3CF3F744 /* Pods-Mobile Phone Buyer Guide.debug.xcconfig */;
			buildSettings = {
				ASSETCATALOG_COMPILER_APPICON_NAME = AppIcon;
				CODE_SIGN_STYLE = Automatic;
				DEVELOPMENT_TEAM = 554XY4H2M3;
				INFOPLIST_FILE = "Mobile Phone Buyer Guide/Info.plist";
				LD_RUNPATH_SEARCH_PATHS = (
					"$(inherited)",
					"@executable_path/Frameworks",
				);
				PRODUCT_BUNDLE_IDENTIFIER = "com.scb.ios.Mobile-Phone-Buyer-Guide";
				PRODUCT_NAME = "$(TARGET_NAME)";
				SWIFT_VERSION = 5.0;
				TARGETED_DEVICE_FAMILY = "1,2";
			};
			name = Debug;
		};
		A0908C1523150DE900E92B54 /* Release */ = {
			isa = XCBuildConfiguration;
			baseConfigurationReference = C97615BB16DB87584AF866DA /* Pods-Mobile Phone Buyer Guide.release.xcconfig */;
			buildSettings = {
				ASSETCATALOG_COMPILER_APPICON_NAME = AppIcon;
				CODE_SIGN_STYLE = Automatic;
				DEVELOPMENT_TEAM = 554XY4H2M3;
				INFOPLIST_FILE = "Mobile Phone Buyer Guide/Info.plist";
				LD_RUNPATH_SEARCH_PATHS = (
					"$(inherited)",
					"@executable_path/Frameworks",
				);
				PRODUCT_BUNDLE_IDENTIFIER = "com.scb.ios.Mobile-Phone-Buyer-Guide";
				PRODUCT_NAME = "$(TARGET_NAME)";
				SWIFT_VERSION = 5.0;
				TARGETED_DEVICE_FAMILY = "1,2";
			};
			name = Release;
		};
/* End XCBuildConfiguration section */

/* Begin XCConfigurationList section */
		A0908BFC23150DE800E92B54 /* Build configuration list for PBXProject "Mobile Phone Buyer Guide" */ = {
			isa = XCConfigurationList;
			buildConfigurations = (
				A0908C1123150DE900E92B54 /* Debug */,
				A0908C1223150DE900E92B54 /* Release */,
			);
			defaultConfigurationIsVisible = 0;
			defaultConfigurationName = Release;
		};
		A0908C1323150DE900E92B54 /* Build configuration list for PBXNativeTarget "Mobile Phone Buyer Guide" */ = {
			isa = XCConfigurationList;
			buildConfigurations = (
				A0908C1423150DE900E92B54 /* Debug */,
				A0908C1523150DE900E92B54 /* Release */,
			);
			defaultConfigurationIsVisible = 0;
			defaultConfigurationName = Release;
		};
/* End XCConfigurationList section */
	};
	rootObject = A0908BF923150DE800E92B54 /* Project object */;
}
